
Microsoft Visual Studio Solution File, Format Version 12.00
# Visual Studio Version 17
VisualStudioVersion = 17.5.33530.505
MinimumVisualStudioVersion = 10.0.40219.1
Project("{9A19103F-16F7-4668-BE54-9A1E7A4F7556}") = "ForLoop", "ForLoop\ForLoop.csproj", "{376066D5-4107-4371-8DA8-B3C423C97CEC}"
EndProject
Project("{9A19103F-16F7-4668-BE54-9A1E7A4F7556}") = "Factorial", "Factorial\Factorial.csproj", "{61A5ADF0-B984-45CB-8D18-2E5D38D18819}"
EndProject
Project("{9A19103F-16F7-4668-BE54-9A1E7A4F7556}") = "MaximumAndMinimumValue", "MaximumAndMinimumValue\MaximumAndMinimumValue.csproj", "{4BC55116-59F8-4403-9BCE-954A5AA29950}"
EndProject
Project("{9A19103F-16F7-4668-BE54-9A1E7A4F7556}") = "WhileLoop", "WhileLoop\WhileLoop.csproj", "{1D1A6C94-AE3A-4514-872B-605AD3CBAFD1}"
EndProject
Project("{FAE04EC0-301F-11D3-BF4B-00C04F79EFBC}") = "DoWhileLoop", "DoWhileLoop\DoWhileLoop.csproj", "{C5B6464A-D286-42AB-AD8E-98CF4CB1529B}"
EndProject
Project("{FAE04EC0-301F-11D3-BF4B-00C04F79EFBC}") = "UserDefineFunction", "UserDefineFunction\UserDefineFunction.csproj", "{8ED30E54-63FB-41A2-A7E4-061BB5754144}"
EndProject
Global
	GlobalSection(SolutionConfigurationPlatforms) = preSolution
		Debug|Any CPU = Debug|Any CPU
		Release|Any CPU = Release|Any CPU
	EndGlobalSection
	GlobalSection(ProjectConfigurationPlatforms) = postSolution
		{376066D5-4107-4371-8DA8-B3C423C97CEC}.Debug|Any CPU.ActiveCfg = Debug|Any CPU
		{376066D5-4107-4371-8DA8-B3C423C97CEC}.Debug|Any CPU.Build.0 = Debug|Any CPU
		{376066D5-4107-4371-8DA8-B3C423C97CEC}.Release|Any CPU.ActiveCfg = Release|Any CPU
		{376066D5-4107-4371-8DA8-B3C423C97CEC}.Release|Any CPU.Build.0 = Release|Any CPU
		{61A5ADF0-B984-45CB-8D18-2E5D38D18819}.Debug|Any CPU.ActiveCfg = Debug|Any CPU
		{61A5ADF0-B984-45CB-8D18-2E5D38D18819}.Debug|Any CPU.Build.0 = Debug|Any CPU
		{61A5ADF0-B984-45CB-8D18-2E5D38D18819}.Release|Any CPU.ActiveCfg = Release|Any CPU
		{61A5ADF0-B984-45CB-8D18-2E5D38D18819}.Release|Any CPU.Build.0 = Release|Any CPU
		{4BC55116-59F8-4403-9BCE-954A5AA29950}.Debug|Any CPU.ActiveCfg = Debug|Any CPU
		{4BC55116-59F8-4403-9BCE-954A5AA29950}.Debug|Any CPU.Build.0 = Debug|Any CPU
		{4BC55116-59F8-4403-9BCE-954A5AA29950}.Release|Any CPU.ActiveCfg = Release|Any CPU
		{4BC55116-59F8-4403-9BCE-954A5AA29950}.Release|Any CPU.Build.0 = Release|Any CPU
		{1D1A6C94-AE3A-4514-872B-605AD3CBAFD1}.Debug|Any CPU.ActiveCfg = Debug|Any CPU
		{1D1A6C94-AE3A-4514-872B-605AD3CBAFD1}.Debug|Any CPU.Build.0 = Debug|Any CPU
		{1D1A6C94-AE3A-4514-872B-605AD3CBAFD1}.Release|Any CPU.ActiveCfg = Release|Any CPU
		{1D1A6C94-AE3A-4514-872B-605AD3CBAFD1}.Release|Any CPU.Build.0 = Release|Any CPU
		{C5B6464A-D286-42AB-AD8E-98CF4CB1529B}.Debug|Any CPU.ActiveCfg = Debug|Any CPU
		{C5B6464A-D286-42AB-AD8E-98CF4CB1529B}.Debug|Any CPU.Build.0 = Debug|Any CPU
		{C5B6464A-D286-42AB-AD8E-98CF4CB1529B}.Release|Any CPU.ActiveCfg = Release|Any CPU
		{C5B6464A-D286-42AB-AD8E-98CF4CB1529B}.Release|Any CPU.Build.0 = Release|Any CPU
		{8ED30E54-63FB-41A2-A7E4-061BB5754144}.Debug|Any CPU.ActiveCfg = Debug|Any CPU
		{8ED30E54-63FB-41A2-A7E4-061BB5754144}.Debug|Any CPU.Build.0 = Debug|Any CPU
		{8ED30E54-63FB-41A2-A7E4-061BB5754144}.Release|Any CPU.ActiveCfg = Release|Any CPU
		{8ED30E54-63FB-41A2-A7E4-061BB5754144}.Release|Any CPU.Build.0 = Release|Any CPU
	EndGlobalSection
	GlobalSection(SolutionProperties) = preSolution
		HideSolutionNode = FALSE
	EndGlobalSection
	GlobalSection(ExtensibilityGlobals) = postSolution
		SolutionGuid = {DC9D6940-64AB-42FC-A0D2-E7217241063E}
	EndGlobalSection
EndGlobal
