
Microsoft Visual Studio Solution File, Format Version 12.00
# Visual Studio Version 17
VisualStudioVersion = 17.5.33530.505
MinimumVisualStudioVersion = 10.0.40219.1
Project("{9A19103F-16F7-4668-BE54-9A1E7A4F7556}") = "ForLoop", "ForLoop\ForLoop.csproj", "{376066D5-4107-4371-8DA8-B3C423C97CEC}"
EndProject
Project("{9A19103F-16F7-4668-BE54-9A1E7A4F7556}") = "Factorial", "Factorial\Factorial.csproj", "{61A5ADF0-B984-45CB-8D18-2E5D38D18819}"
EndProject
Project("{9A19103F-16F7-4668-BE54-9A1E7A4F7556}") = "MaximumAndMinimumValue", "MaximumAndMinimumValue\MaximumAndMinimumValue.csproj", "{4BC55116-59F8-4403-9BCE-954A5AA29950}"
EndProject
Project("{9A19103F-16F7-4668-BE54-9A1E7A4F7556}") = "WhileLoop", "WhileLoop\WhileLoop.csproj", "{1D1A6C94-AE3A-4514-872B-605AD3CBAFD1}"
EndProject
Project("{9A19103F-16F7-4668-BE54-9A1E7A4F7556}") = "DoWhileLoop", "DoWhileLoop\DoWhileLoop.csproj", "{C5B6464A-D286-42AB-AD8E-98CF4CB1529B}"
EndProject
Project("{9A19103F-16F7-4668-BE54-9A1E7A4F7556}") = "UserDefineFunction", "UserDefineFunction\UserDefineFunction.csproj", "{8ED30E54-63FB-41A2-A7E4-061BB5754144}"
EndProject
Project("{9A19103F-16F7-4668-BE54-9A1E7A4F7556}") = "ArrayDemo", "ArrayDemo\ArrayDemo.csproj", "{70F6C456-4090-4F62-8B5D-63050C18535D}"
EndProject
Project("{9A19103F-16F7-4668-BE54-9A1E7A4F7556}") = "NextPrimeNum", "NextPrimeNum\NextPrimeNum.csproj", "{D443586E-6244-436F-ADAD-5CEC9B25354F}"
EndProject
Project("{9A19103F-16F7-4668-BE54-9A1E7A4F7556}") = "UserDefineClass", "UserDefineClass\UserDefineClass.csproj", "{56E461CE-F12F-426B-BA1C-D831C7AB986A}"
EndProject
Project("{9A19103F-16F7-4668-BE54-9A1E7A4F7556}") = "Access Modifers", "Access Modifers\Access Modifers.csproj", "{57F668E2-91F8-4A5D-81C2-F5082B601611}"
EndProject
Project("{9A19103F-16F7-4668-BE54-9A1E7A4F7556}") = "String", "String\String.csproj", "{9B189A71-C434-434C-8BC3-162EEB4C32B5}"
EndProject
Project("{9A19103F-16F7-4668-BE54-9A1E7A4F7556}") = "EncapsulationDemo", "EncapsulationDemo\EncapsulationDemo.csproj", "{FBF8CD6C-CA28-434F-9D26-AE158438B9B5}"
EndProject
Project("{9A19103F-16F7-4668-BE54-9A1E7A4F7556}") = "Constucture", "Constucture\Constucture.csproj", "{2A492C14-9827-478D-B7C1-FCD18593D3A3}"
EndProject
Project("{9A19103F-16F7-4668-BE54-9A1E7A4F7556}") = "Inheritance", "Inheritance\Inheritance.csproj", "{A8C13757-BE70-4FB3-A39B-1072D1D62036}"
EndProject
Project("{9A19103F-16F7-4668-BE54-9A1E7A4F7556}") = "InheritanceWithConstructure", "InheritanceWithConstructure\InheritanceWithConstructure.csproj", "{132D2CE8-A8DA-4D6F-8D3B-5329CC505464}"
EndProject
Project("{9A19103F-16F7-4668-BE54-9A1E7A4F7556}") = "InterfaceExample1", "InterfaceExample1\InterfaceExample1.csproj", "{719F8469-A03F-4C7D-A9B9-8314AB4DEC57}"
EndProject
Project("{9A19103F-16F7-4668-BE54-9A1E7A4F7556}") = "Collection", "Collection\Collection.csproj", "{A9B2963F-7381-4B04-A12F-7A50F7517C26}"
EndProject
Project("{9A19103F-16F7-4668-BE54-9A1E7A4F7556}") = "EFcore", "EFcore\EFcore.csproj", "{DCC96C38-5F0D-4C19-AB91-AACECDEF3129}"
EndProject
Project("{9A19103F-16F7-4668-BE54-9A1E7A4F7556}") = "EFcore1", "EFcore1\EFcore1.csproj", "{974E6CA5-195B-464F-A25E-4605FB44C49B}"
EndProject
Project("{9A19103F-16F7-4668-BE54-9A1E7A4F7556}") = "List,Add,FindID,Product", "List,Add,FindID,Product\List,Add,FindID,Product.csproj", "{F0BAF002-5524-4D9F-B319-E63583AB1CEC}"
EndProject
Project("{9A19103F-16F7-4668-BE54-9A1E7A4F7556}") = "WebApp1", "WebApp1\WebApp1.csproj", "{D68C6545-FB60-497A-9123-E7F59B1D874A}"
EndProject
Project("{9A19103F-16F7-4668-BE54-9A1E7A4F7556}") = "EFProduct", "EFProduct\EFProduct.csproj", "{A39F9617-910F-482B-AB3A-199D3646A493}"
EndProject
Project("{9A19103F-16F7-4668-BE54-9A1E7A4F7556}") = "WebApp2", "WebApp2\WebApp2.csproj", "{16A2A16C-A2B3-4F2F-B9F3-C10BD0ED871B}"
EndProject
Project("{FAE04EC0-301F-11D3-BF4B-00C04F79EFBC}") = "WebApp3", "WebApp3\WebApp3.csproj", "{BFBFD274-42B5-4000-BE36-BBF1C70BA416}"
EndProject
Global
	GlobalSection(SolutionConfigurationPlatforms) = preSolution
		Debug|Any CPU = Debug|Any CPU
		Release|Any CPU = Release|Any CPU
	EndGlobalSection
	GlobalSection(ProjectConfigurationPlatforms) = postSolution
		{376066D5-4107-4371-8DA8-B3C423C97CEC}.Debug|Any CPU.ActiveCfg = Debug|Any CPU
		{376066D5-4107-4371-8DA8-B3C423C97CEC}.Debug|Any CPU.Build.0 = Debug|Any CPU
		{376066D5-4107-4371-8DA8-B3C423C97CEC}.Release|Any CPU.ActiveCfg = Release|Any CPU
		{376066D5-4107-4371-8DA8-B3C423C97CEC}.Release|Any CPU.Build.0 = Release|Any CPU
		{61A5ADF0-B984-45CB-8D18-2E5D38D18819}.Debug|Any CPU.ActiveCfg = Debug|Any CPU
		{61A5ADF0-B984-45CB-8D18-2E5D38D18819}.Debug|Any CPU.Build.0 = Debug|Any CPU
		{61A5ADF0-B984-45CB-8D18-2E5D38D18819}.Release|Any CPU.ActiveCfg = Release|Any CPU
		{61A5ADF0-B984-45CB-8D18-2E5D38D18819}.Release|Any CPU.Build.0 = Release|Any CPU
		{4BC55116-59F8-4403-9BCE-954A5AA29950}.Debug|Any CPU.ActiveCfg = Debug|Any CPU
		{4BC55116-59F8-4403-9BCE-954A5AA29950}.Debug|Any CPU.Build.0 = Debug|Any CPU
		{4BC55116-59F8-4403-9BCE-954A5AA29950}.Release|Any CPU.ActiveCfg = Release|Any CPU
		{4BC55116-59F8-4403-9BCE-954A5AA29950}.Release|Any CPU.Build.0 = Release|Any CPU
		{1D1A6C94-AE3A-4514-872B-605AD3CBAFD1}.Debug|Any CPU.ActiveCfg = Debug|Any CPU
		{1D1A6C94-AE3A-4514-872B-605AD3CBAFD1}.Debug|Any CPU.Build.0 = Debug|Any CPU
		{1D1A6C94-AE3A-4514-872B-605AD3CBAFD1}.Release|Any CPU.ActiveCfg = Release|Any CPU
		{1D1A6C94-AE3A-4514-872B-605AD3CBAFD1}.Release|Any CPU.Build.0 = Release|Any CPU
		{C5B6464A-D286-42AB-AD8E-98CF4CB1529B}.Debug|Any CPU.ActiveCfg = Debug|Any CPU
		{C5B6464A-D286-42AB-AD8E-98CF4CB1529B}.Debug|Any CPU.Build.0 = Debug|Any CPU
		{C5B6464A-D286-42AB-AD8E-98CF4CB1529B}.Release|Any CPU.ActiveCfg = Release|Any CPU
		{C5B6464A-D286-42AB-AD8E-98CF4CB1529B}.Release|Any CPU.Build.0 = Release|Any CPU
		{8ED30E54-63FB-41A2-A7E4-061BB5754144}.Debug|Any CPU.ActiveCfg = Debug|Any CPU
		{8ED30E54-63FB-41A2-A7E4-061BB5754144}.Debug|Any CPU.Build.0 = Debug|Any CPU
		{8ED30E54-63FB-41A2-A7E4-061BB5754144}.Release|Any CPU.ActiveCfg = Release|Any CPU
		{8ED30E54-63FB-41A2-A7E4-061BB5754144}.Release|Any CPU.Build.0 = Release|Any CPU
		{70F6C456-4090-4F62-8B5D-63050C18535D}.Debug|Any CPU.ActiveCfg = Debug|Any CPU
		{70F6C456-4090-4F62-8B5D-63050C18535D}.Debug|Any CPU.Build.0 = Debug|Any CPU
		{70F6C456-4090-4F62-8B5D-63050C18535D}.Release|Any CPU.ActiveCfg = Release|Any CPU
		{70F6C456-4090-4F62-8B5D-63050C18535D}.Release|Any CPU.Build.0 = Release|Any CPU
		{D443586E-6244-436F-ADAD-5CEC9B25354F}.Debug|Any CPU.ActiveCfg = Debug|Any CPU
		{D443586E-6244-436F-ADAD-5CEC9B25354F}.Debug|Any CPU.Build.0 = Debug|Any CPU
		{D443586E-6244-436F-ADAD-5CEC9B25354F}.Release|Any CPU.ActiveCfg = Release|Any CPU
		{D443586E-6244-436F-ADAD-5CEC9B25354F}.Release|Any CPU.Build.0 = Release|Any CPU
		{56E461CE-F12F-426B-BA1C-D831C7AB986A}.Debug|Any CPU.ActiveCfg = Debug|Any CPU
		{56E461CE-F12F-426B-BA1C-D831C7AB986A}.Debug|Any CPU.Build.0 = Debug|Any CPU
		{56E461CE-F12F-426B-BA1C-D831C7AB986A}.Release|Any CPU.ActiveCfg = Release|Any CPU
		{56E461CE-F12F-426B-BA1C-D831C7AB986A}.Release|Any CPU.Build.0 = Release|Any CPU
		{57F668E2-91F8-4A5D-81C2-F5082B601611}.Debug|Any CPU.ActiveCfg = Debug|Any CPU
		{57F668E2-91F8-4A5D-81C2-F5082B601611}.Debug|Any CPU.Build.0 = Debug|Any CPU
		{57F668E2-91F8-4A5D-81C2-F5082B601611}.Release|Any CPU.ActiveCfg = Release|Any CPU
		{57F668E2-91F8-4A5D-81C2-F5082B601611}.Release|Any CPU.Build.0 = Release|Any CPU
		{9B189A71-C434-434C-8BC3-162EEB4C32B5}.Debug|Any CPU.ActiveCfg = Debug|Any CPU
		{9B189A71-C434-434C-8BC3-162EEB4C32B5}.Debug|Any CPU.Build.0 = Debug|Any CPU
		{9B189A71-C434-434C-8BC3-162EEB4C32B5}.Release|Any CPU.ActiveCfg = Release|Any CPU
		{9B189A71-C434-434C-8BC3-162EEB4C32B5}.Release|Any CPU.Build.0 = Release|Any CPU
		{FBF8CD6C-CA28-434F-9D26-AE158438B9B5}.Debug|Any CPU.ActiveCfg = Debug|Any CPU
		{FBF8CD6C-CA28-434F-9D26-AE158438B9B5}.Debug|Any CPU.Build.0 = Debug|Any CPU
		{FBF8CD6C-CA28-434F-9D26-AE158438B9B5}.Release|Any CPU.ActiveCfg = Release|Any CPU
		{FBF8CD6C-CA28-434F-9D26-AE158438B9B5}.Release|Any CPU.Build.0 = Release|Any CPU
		{2A492C14-9827-478D-B7C1-FCD18593D3A3}.Debug|Any CPU.ActiveCfg = Debug|Any CPU
		{2A492C14-9827-478D-B7C1-FCD18593D3A3}.Debug|Any CPU.Build.0 = Debug|Any CPU
		{2A492C14-9827-478D-B7C1-FCD18593D3A3}.Release|Any CPU.ActiveCfg = Release|Any CPU
		{2A492C14-9827-478D-B7C1-FCD18593D3A3}.Release|Any CPU.Build.0 = Release|Any CPU
		{A8C13757-BE70-4FB3-A39B-1072D1D62036}.Debug|Any CPU.ActiveCfg = Debug|Any CPU
		{A8C13757-BE70-4FB3-A39B-1072D1D62036}.Debug|Any CPU.Build.0 = Debug|Any CPU
		{A8C13757-BE70-4FB3-A39B-1072D1D62036}.Release|Any CPU.ActiveCfg = Release|Any CPU
		{A8C13757-BE70-4FB3-A39B-1072D1D62036}.Release|Any CPU.Build.0 = Release|Any CPU
		{132D2CE8-A8DA-4D6F-8D3B-5329CC505464}.Debug|Any CPU.ActiveCfg = Debug|Any CPU
		{132D2CE8-A8DA-4D6F-8D3B-5329CC505464}.Debug|Any CPU.Build.0 = Debug|Any CPU
		{132D2CE8-A8DA-4D6F-8D3B-5329CC505464}.Release|Any CPU.ActiveCfg = Release|Any CPU
		{132D2CE8-A8DA-4D6F-8D3B-5329CC505464}.Release|Any CPU.Build.0 = Release|Any CPU
		{719F8469-A03F-4C7D-A9B9-8314AB4DEC57}.Debug|Any CPU.ActiveCfg = Debug|Any CPU
		{719F8469-A03F-4C7D-A9B9-8314AB4DEC57}.Debug|Any CPU.Build.0 = Debug|Any CPU
		{719F8469-A03F-4C7D-A9B9-8314AB4DEC57}.Release|Any CPU.ActiveCfg = Release|Any CPU
		{719F8469-A03F-4C7D-A9B9-8314AB4DEC57}.Release|Any CPU.Build.0 = Release|Any CPU
		{A9B2963F-7381-4B04-A12F-7A50F7517C26}.Debug|Any CPU.ActiveCfg = Debug|Any CPU
		{A9B2963F-7381-4B04-A12F-7A50F7517C26}.Debug|Any CPU.Build.0 = Debug|Any CPU
		{A9B2963F-7381-4B04-A12F-7A50F7517C26}.Release|Any CPU.ActiveCfg = Release|Any CPU
		{A9B2963F-7381-4B04-A12F-7A50F7517C26}.Release|Any CPU.Build.0 = Release|Any CPU
		{DCC96C38-5F0D-4C19-AB91-AACECDEF3129}.Debug|Any CPU.ActiveCfg = Debug|Any CPU
		{DCC96C38-5F0D-4C19-AB91-AACECDEF3129}.Debug|Any CPU.Build.0 = Debug|Any CPU
		{DCC96C38-5F0D-4C19-AB91-AACECDEF3129}.Release|Any CPU.ActiveCfg = Release|Any CPU
		{DCC96C38-5F0D-4C19-AB91-AACECDEF3129}.Release|Any CPU.Build.0 = Release|Any CPU
		{974E6CA5-195B-464F-A25E-4605FB44C49B}.Debug|Any CPU.ActiveCfg = Debug|Any CPU
		{974E6CA5-195B-464F-A25E-4605FB44C49B}.Debug|Any CPU.Build.0 = Debug|Any CPU
		{974E6CA5-195B-464F-A25E-4605FB44C49B}.Release|Any CPU.ActiveCfg = Release|Any CPU
		{974E6CA5-195B-464F-A25E-4605FB44C49B}.Release|Any CPU.Build.0 = Release|Any CPU
		{F0BAF002-5524-4D9F-B319-E63583AB1CEC}.Debug|Any CPU.ActiveCfg = Debug|Any CPU
		{F0BAF002-5524-4D9F-B319-E63583AB1CEC}.Debug|Any CPU.Build.0 = Debug|Any CPU
		{F0BAF002-5524-4D9F-B319-E63583AB1CEC}.Release|Any CPU.ActiveCfg = Release|Any CPU
		{F0BAF002-5524-4D9F-B319-E63583AB1CEC}.Release|Any CPU.Build.0 = Release|Any CPU
		{D68C6545-FB60-497A-9123-E7F59B1D874A}.Debug|Any CPU.ActiveCfg = Debug|Any CPU
		{D68C6545-FB60-497A-9123-E7F59B1D874A}.Debug|Any CPU.Build.0 = Debug|Any CPU
		{D68C6545-FB60-497A-9123-E7F59B1D874A}.Release|Any CPU.ActiveCfg = Release|Any CPU
		{D68C6545-FB60-497A-9123-E7F59B1D874A}.Release|Any CPU.Build.0 = Release|Any CPU
		{A39F9617-910F-482B-AB3A-199D3646A493}.Debug|Any CPU.ActiveCfg = Debug|Any CPU
		{A39F9617-910F-482B-AB3A-199D3646A493}.Debug|Any CPU.Build.0 = Debug|Any CPU
		{A39F9617-910F-482B-AB3A-199D3646A493}.Release|Any CPU.ActiveCfg = Release|Any CPU
		{A39F9617-910F-482B-AB3A-199D3646A493}.Release|Any CPU.Build.0 = Release|Any CPU
		{16A2A16C-A2B3-4F2F-B9F3-C10BD0ED871B}.Debug|Any CPU.ActiveCfg = Debug|Any CPU
		{16A2A16C-A2B3-4F2F-B9F3-C10BD0ED871B}.Debug|Any CPU.Build.0 = Debug|Any CPU
		{16A2A16C-A2B3-4F2F-B9F3-C10BD0ED871B}.Release|Any CPU.ActiveCfg = Release|Any CPU
		{16A2A16C-A2B3-4F2F-B9F3-C10BD0ED871B}.Release|Any CPU.Build.0 = Release|Any CPU
		{BFBFD274-42B5-4000-BE36-BBF1C70BA416}.Debug|Any CPU.ActiveCfg = Debug|Any CPU
		{BFBFD274-42B5-4000-BE36-BBF1C70BA416}.Debug|Any CPU.Build.0 = Debug|Any CPU
		{BFBFD274-42B5-4000-BE36-BBF1C70BA416}.Release|Any CPU.ActiveCfg = Release|Any CPU
		{BFBFD274-42B5-4000-BE36-BBF1C70BA416}.Release|Any CPU.Build.0 = Release|Any CPU
	EndGlobalSection
	GlobalSection(SolutionProperties) = preSolution
		HideSolutionNode = FALSE
	EndGlobalSection
	GlobalSection(ExtensibilityGlobals) = postSolution
		SolutionGuid = {DC9D6940-64AB-42FC-A0D2-E7217241063E}
	EndGlobalSection
EndGlobal
